{
    "_readme": [
        "This file locks the dependencies of your project to a known state",
        "Read more about it at http://getcomposer.org/doc/01-basic-usage.md#composer-lock-the-lock-file",
        "This file is @generated automatically"
    ],
    "hash": "929ebcc21e7867ef862621d480dee9af",
    "packages": [
        {
            "name": "spoon/library",
            "version": "1.3.12",
            "source": {
                "type": "git",
                "url": "https://github.com/forkcms/library.git",
                "reference": "e709f37016270ab3aeb14e1ff29798efa7f68c19"
            },
            "dist": {
                "type": "zip",
                "url": "https://api.github.com/repos/forkcms/library/zipball/e709f37016270ab3aeb14e1ff29798efa7f68c19",
                "reference": "e709f37016270ab3aeb14e1ff29798efa7f68c19",
                "shasum": ""
            },
            "require": {
                "php": ">=5.2.0"
            },
            "require-dev": {
                "phpunit/phpunit": "~4.0"
            },
            "type": "library",
            "notification-url": "https://packagist.org/downloads/",
            "license": [
                "BSD"
            ],
            "authors": [
                {
                    "name": "Davy Hellemans",
                    "role": "Developer"
                }
            ],
            "description": "A PHP5 library that is fast, easy to learn and fun!",
            "homepage": "http://www.spoon-library.com",
            "time": "2014-12-15 09:46:38"
        }
    ],
    "packages-dev": [],
    "aliases": [],
    "minimum-stability": "stable",
    "stability-flags": [],
    "prefer-stable": false,
    "prefer-lowest": false,
    "platform": [],
    "platform-dev": []
}
